
Microsoft Visual Studio Solution File, Format Version 12.00
# Visual Studio Version 16
VisualStudioVersion = 16.0.32106.194
MinimumVisualStudioVersion = 10.0.40219.1
Project("{FAE04EC0-301F-11D3-BF4B-00C04F79EFBC}") = "TodoItemDemo", "TodoItemDemo\TodoItemDemo.csproj", "{3C2B9C88-7634-4938-B340-12DAE630ADF1}"
EndProject
Global
	GlobalSection(SolutionConfigurationPlatforms) = preSolution
		Debug|Any CPU = Debug|Any CPU
		Release|Any CPU = Release|Any CPU
	EndGlobalSection
	GlobalSection(ProjectConfigurationPlatforms) = postSolution
		{3C2B9C88-7634-4938-B340-12DAE630ADF1}.Debug|Any CPU.ActiveCfg = Debug|Any CPU
		{3C2B9C88-7634-4938-B340-12DAE630ADF1}.Debug|Any CPU.Build.0 = Debug|Any CPU
		{3C2B9C88-7634-4938-B340-12DAE630ADF1}.Release|Any CPU.ActiveCfg = Release|Any CPU
		{3C2B9C88-7634-4938-B340-12DAE630ADF1}.Release|Any CPU.Build.0 = Release|Any CPU
	EndGlobalSection
	GlobalSection(SolutionProperties) = preSolution
		HideSolutionNode = FALSE
	EndGlobalSection
	GlobalSection(ExtensibilityGlobals) = postSolution
		SolutionGuid = {7975621A-A263-4863-8F25-1B208B20B16F}
	EndGlobalSection
EndGlobal
